
Microsoft Visual Studio Solution File, Format Version 12.00
# Visual Studio Version 16
VisualStudioVersion = 16.0.31410.357
MinimumVisualStudioVersion = 10.0.40219.1
Project("{FAE04EC0-301F-11D3-BF4B-00C04F79EFBC}") = "RSSUygulamasi", "RSSUygulamasi\RSSUygulamasi.csproj", "{5686D77B-EBF5-4114-8E51-D0FC8A5913C5}"
EndProject
Global
	GlobalSection(SolutionConfigurationPlatforms) = preSolution
		Debug|Any CPU = Debug|Any CPU
		Release|Any CPU = Release|Any CPU
	EndGlobalSection
	GlobalSection(ProjectConfigurationPlatforms) = postSolution
		{5686D77B-EBF5-4114-8E51-D0FC8A5913C5}.Debug|Any CPU.ActiveCfg = Debug|Any CPU
		{5686D77B-EBF5-4114-8E51-D0FC8A5913C5}.Debug|Any CPU.Build.0 = Debug|Any CPU
		{5686D77B-EBF5-4114-8E51-D0FC8A5913C5}.Release|Any CPU.ActiveCfg = Release|Any CPU
		{5686D77B-EBF5-4114-8E51-D0FC8A5913C5}.Release|Any CPU.Build.0 = Release|Any CPU
	EndGlobalSection
	GlobalSection(SolutionProperties) = preSolution
		HideSolutionNode = FALSE
	EndGlobalSection
	GlobalSection(ExtensibilityGlobals) = postSolution
		SolutionGuid = {01CDDEA8-68ED-4DC3-9ABD-3752350E28B9}
	EndGlobalSection
EndGlobal
